
Microsoft Visual Studio Solution File, Format Version 12.00
# Visual Studio Version 17
VisualStudioVersion = 17.7.34031.279
MinimumVisualStudioVersion = 10.0.40219.1
Project("{FAE04EC0-301F-11D3-BF4B-00C04F79EFBC}") = "Playlisten", "Playlisten.csproj", "{7E7CBE1D-3294-4EA1-8EFF-7F37829957D0}"
EndProject
Global
	GlobalSection(SolutionConfigurationPlatforms) = preSolution
		Debug|Any CPU = Debug|Any CPU
		Release|Any CPU = Release|Any CPU
	EndGlobalSection
	GlobalSection(ProjectConfigurationPlatforms) = postSolution
		{7E7CBE1D-3294-4EA1-8EFF-7F37829957D0}.Debug|Any CPU.ActiveCfg = Debug|Any CPU
		{7E7CBE1D-3294-4EA1-8EFF-7F37829957D0}.Debug|Any CPU.Build.0 = Debug|Any CPU
		{7E7CBE1D-3294-4EA1-8EFF-7F37829957D0}.Release|Any CPU.ActiveCfg = Release|Any CPU
		{7E7CBE1D-3294-4EA1-8EFF-7F37829957D0}.Release|Any CPU.Build.0 = Release|Any CPU
	EndGlobalSection
	GlobalSection(SolutionProperties) = preSolution
		HideSolutionNode = FALSE
	EndGlobalSection
	GlobalSection(ExtensibilityGlobals) = postSolution
		SolutionGuid = {0A3FF991-B6ED-4737-BB30-A0691938C98A}
	EndGlobalSection
EndGlobal
